
Microsoft Visual Studio Solution File, Format Version 12.00
# Visual Studio 14
VisualStudioVersion = 14.0.25420.1
MinimumVisualStudioVersion = 10.0.40219.1
Project("{FAE04EC0-301F-11D3-BF4B-00C04F79EFBC}") = "Blog", "Blog\Blog.csproj", "{F7D7CF6E-E159-4EA1-8C9D-D47A74CFEEBE}"
EndProject
Project("{FAE04EC0-301F-11D3-BF4B-00C04F79EFBC}") = "Blog.Tests", "Blog.Tests\Blog.Tests.csproj", "{1942A88E-34D0-43B2-9444-960988544761}"
EndProject
Global
	GlobalSection(SolutionConfigurationPlatforms) = preSolution
		Debug|Any CPU = Debug|Any CPU
		Release|Any CPU = Release|Any CPU
	EndGlobalSection
	GlobalSection(ProjectConfigurationPlatforms) = postSolution
		{F7D7CF6E-E159-4EA1-8C9D-D47A74CFEEBE}.Debug|Any CPU.ActiveCfg = Debug|Any CPU
		{F7D7CF6E-E159-4EA1-8C9D-D47A74CFEEBE}.Debug|Any CPU.Build.0 = Debug|Any CPU
		{F7D7CF6E-E159-4EA1-8C9D-D47A74CFEEBE}.Release|Any CPU.ActiveCfg = Release|Any CPU
		{F7D7CF6E-E159-4EA1-8C9D-D47A74CFEEBE}.Release|Any CPU.Build.0 = Release|Any CPU
		{1942A88E-34D0-43B2-9444-960988544761}.Debug|Any CPU.ActiveCfg = Debug|Any CPU
		{1942A88E-34D0-43B2-9444-960988544761}.Debug|Any CPU.Build.0 = Debug|Any CPU
		{1942A88E-34D0-43B2-9444-960988544761}.Release|Any CPU.ActiveCfg = Release|Any CPU
		{1942A88E-34D0-43B2-9444-960988544761}.Release|Any CPU.Build.0 = Release|Any CPU
	EndGlobalSection
	GlobalSection(SolutionProperties) = preSolution
		HideSolutionNode = FALSE
	EndGlobalSection
EndGlobal
